{
  "requires": true,
  "lockfileVersion": 1,
  "dependencies": {
    "pizzicato": {
      "version": "0.6.4",
      "resolved": "https://registry.npmjs.org/pizzicato/-/pizzicato-0.6.4.tgz",
      "integrity": "sha512-1Y4UGnhdBvCoeRTt4Cor/zPRsH/pEAGsBESy0zeR8mH2i2piJRQLEEctkzUJGo6h64GiepZy+LFaJ/a3riR+WA==",
      "requires": {
        "tone": "^13.8.34"
      },
      "dependencies": {
        "tone": {
          "version": "13.8.34",
          "resolved": "https://registry.npmjs.org/tone/-/tone-13.8.34.tgz",
          "integrity": "sha512-sFIYee0CO5lDcnC/RwIPiPMOIZCMEk35AaxF0Q64q7SE1BL+i+efYR6vrD+peDGrswXJ+D3bTmci2wCy+omx+Q=="
        }
      }
    },
    "tone": {
      "version": "13.8.25",
      "resolved": "https://registry.npmjs.org/tone/-/tone-13.8.25.tgz",
      "integrity": "sha512-8QqmLn+/R+Urib/78zf93+NqFLddXS777kQO7+EbJHwqy+nmug+SJFRp2KIytT0LQY2sJBiopNb2ceHA8uQQJg=="
    },
    "xsound": {
      "version": "2.18.0",
      "resolved": "https://registry.npmjs.org/xsound/-/xsound-2.18.0.tgz",
      "integrity": "sha512-wU11R9izy87k14noD5LX/pMeBMr+uONQehaYCr0kwsMfizgu+HD2xU7TCUhUtPubKU7BM+I5mMkBuPuuGrSWAQ=="
    }
  }
}
